
Microsoft Visual Studio Solution File, Format Version 12.00
# Visual Studio Version 17
VisualStudioVersion = 17.8.34330.188
MinimumVisualStudioVersion = 10.0.40219.1
Project("{FAE04EC0-301F-11D3-BF4B-00C04F79EFBC}") = "IPCTest", "IPCTest.csproj", "{022FE8AA-6578-4144-B710-D395CBDD4E21}"
EndProject
Global
	GlobalSection(SolutionConfigurationPlatforms) = preSolution
		Debug|Any CPU = Debug|Any CPU
		Release|Any CPU = Release|Any CPU
	EndGlobalSection
	GlobalSection(ProjectConfigurationPlatforms) = postSolution
		{022FE8AA-6578-4144-B710-D395CBDD4E21}.Debug|Any CPU.ActiveCfg = Debug|Any CPU
		{022FE8AA-6578-4144-B710-D395CBDD4E21}.Debug|Any CPU.Build.0 = Debug|Any CPU
		{022FE8AA-6578-4144-B710-D395CBDD4E21}.Release|Any CPU.ActiveCfg = Release|Any CPU
		{022FE8AA-6578-4144-B710-D395CBDD4E21}.Release|Any CPU.Build.0 = Release|Any CPU
	EndGlobalSection
	GlobalSection(SolutionProperties) = preSolution
		HideSolutionNode = FALSE
	EndGlobalSection
	GlobalSection(ExtensibilityGlobals) = postSolution
		SolutionGuid = {13F7E506-778B-49EE-A6C6-D126EC1A562A}
	EndGlobalSection
EndGlobal
